// !$*UTF8*$!
{
	archiveVersion = 1;
	classes = {
	};
	objectVersion = 56;
	objects = {

/* Begin PBXBuildFile section */
		/* Add build files here */
/* End PBXBuildFile section */

/* Begin PBXFileReference section */
		/* Add file references here */
/* End PBXFileReference section */

/* Begin PBXGroup section */
		/* Add groups here */
/* End PBXGroup section */

/* Begin PBXNativeTarget section */
		/* Add target here */
/* End PBXNativeTarget section */

/* Begin PBXProject section */
		/* Add project here */
/* End PBXProject section */

	};
	rootObject = /* PBXProject */;
}
